// !$*UTF8*$!
{
	archiveVersion = 1;
	classes = {
	};
	objectVersion = 50;
	objects = {

/* Begin PBXBuildFile section */
		FB1D817A22CBDF7C00CE3BCC /* SplitViewList.swift in Sources */ = {isa = PBXBuildFile; fileRef = FB1D817922CBDF7C00CE3BCC /* SplitViewList.swift */; };
		FB2E862122CA4B3C005B32FC /* SplitViewHeaderProtocol.swift in Sources */ = {isa = PBXBuildFile; fileRef = FB2E862022CA4B3C005B32FC /* SplitViewHeaderProtocol.swift */; };
		FBB0926B22BB1837000A91E9 /* SplitViewWrapper.h in Headers */ = {isa = PBXBuildFile; fileRef = FBB0926922BB1837000A91E9 /* SplitViewWrapper.h */; settings = {ATTRIBUTES = (Public, ); }; };
		FBB0928B22BB18E3000A91E9 /* SplitViewDataSource.swift in Sources */ = {isa = PBXBuildFile; fileRef = FBB0927422BB18E2000A91E9 /* SplitViewDataSource.swift */; };
		FBB0928C22BB18E3000A91E9 /* Searchable.swift in Sources */ = {isa = PBXBuildFile; fileRef = FBB0927522BB18E2000A91E9 /* Searchable.swift */; };
		FBB0928D22BB18E3000A91E9 /* SplitViewListItemProtocol.swift in Sources */ = {isa = PBXBuildFile; fileRef = FBB0927622BB18E2000A91E9 /* SplitViewListItemProtocol.swift */; };
		FBB0928E22BB18E3000A91E9 /* SplitViewWrapper.swift in Sources */ = {isa = PBXBuildFile; fileRef = FBB0927822BB18E2000A91E9 /* SplitViewWrapper.swift */; };
		FBB0928F22BB18E3000A91E9 /* SplitViewSearchBar.swift in Sources */ = {isa = PBXBuildFile; fileRef = FBB0927922BB18E2000A91E9 /* SplitViewSearchBar.swift */; };
		FBB0929122BB18E3000A91E9 /* MasterSplitView.swift in Sources */ = {isa = PBXBuildFile; fileRef = FBB0927B22BB18E2000A91E9 /* MasterSplitView.swift */; };
		FBB0929222BB18E3000A91E9 /* SplitView.swift in Sources */ = {isa = PBXBuildFile; fileRef = FBB0927C22BB18E2000A91E9 /* SplitView.swift */; };
		FBB0929322BB18E3000A91E9 /* DetailSplitView.swift in Sources */ = {isa = PBXBuildFile; fileRef = FBB0927D22BB18E2000A91E9 /* DetailSplitView.swift */; };
		FBB0929422BB18E3000A91E9 /* SplitViewListItem.swift in Sources */ = {isa = PBXBuildFile; fileRef = FBB0927E22BB18E2000A91E9 /* SplitViewListItem.swift */; };
		FBB0929522BB18E3000A91E9 /* SplitViewWrapperView.swift in Sources */ = {isa = PBXBuildFile; fileRef = FBB0927F22BB18E2000A91E9 /* SplitViewWrapperView.swift */; };
		FBB0929A22BB18E3000A91E9 /* SplitViewDataModel.swift in Sources */ = {isa = PBXBuildFile; fileRef = FBB0928622BB18E2000A91E9 /* SplitViewDataModel.swift */; };
		FBB0929B22BB18E3000A91E9 /* SearchableSplitViewDataModel.swift in Sources */ = {isa = PBXBuildFile; fileRef = FBB0928722BB18E2000A91E9 /* SearchableSplitViewDataModel.swift */; };
		FBB0929C22BB18E3000A91E9 /* SplitViewModel.swift in Sources */ = {isa = PBXBuildFile; fileRef = FBB0928822BB18E2000A91E9 /* SplitViewModel.swift */; };
		FBB0929D22BB18E3000A91E9 /* SplitViewWrapperData.swift in Sources */ = {isa = PBXBuildFile; fileRef = FBB0928922BB18E2000A91E9 /* SplitViewWrapperData.swift */; };
		FBB0929F22BBCC38000A91E9 /* SplitViewController.swift in Sources */ = {isa = PBXBuildFile; fileRef = FBB0929E22BBCC38000A91E9 /* SplitViewController.swift */; };
		FBF9ACA622BD5BC800EB5DC8 /* SplitViewDetailProtocol.swift in Sources */ = {isa = PBXBuildFile; fileRef = FBF9ACA522BD5BC800EB5DC8 /* SplitViewDetailProtocol.swift */; };
/* End PBXBuildFile section */

/* Begin PBXFileReference section */
		FB1D817922CBDF7C00CE3BCC /* SplitViewList.swift */ = {isa = PBXFileReference; lastKnownFileType = sourcecode.swift; path = SplitViewList.swift; sourceTree = "<group>"; };
		FB2E862022CA4B3C005B32FC /* SplitViewHeaderProtocol.swift */ = {isa = PBXFileReference; lastKnownFileType = sourcecode.swift; path = SplitViewHeaderProtocol.swift; sourceTree = "<group>"; };
		FBB0926622BB1837000A91E9 /* SplitViewWrapper.framework */ = {isa = PBXFileReference; explicitFileType = wrapper.framework; includeInIndex = 0; path = SplitViewWrapper.framework; sourceTree = BUILT_PRODUCTS_DIR; };
		FBB0926922BB1837000A91E9 /* SplitViewWrapper.h */ = {isa = PBXFileReference; lastKnownFileType = sourcecode.c.h; path = SplitViewWrapper.h; sourceTree = "<group>"; };
		FBB0926A22BB1837000A91E9 /* Info.plist */ = {isa = PBXFileReference; lastKnownFileType = text.plist.xml; path = Info.plist; sourceTree = "<group>"; };
		FBB0927422BB18E2000A91E9 /* SplitViewDataSource.swift */ = {isa = PBXFileReference; fileEncoding = 4; lastKnownFileType = sourcecode.swift; path = SplitViewDataSource.swift; sourceTree = "<group>"; };
		FBB0927522BB18E2000A91E9 /* Searchable.swift */ = {isa = PBXFileReference; fileEncoding = 4; lastKnownFileType = sourcecode.swift; path = Searchable.swift; sourceTree = "<group>"; };
		FBB0927622BB18E2000A91E9 /* SplitViewListItemProtocol.swift */ = {isa = PBXFileReference; fileEncoding = 4; lastKnownFileType = sourcecode.swift; path = SplitViewListItemProtocol.swift; sourceTree = "<group>"; };
		FBB0927822BB18E2000A91E9 /* SplitViewWrapper.swift */ = {isa = PBXFileReference; fileEncoding = 4; lastKnownFileType = sourcecode.swift; path = SplitViewWrapper.swift; sourceTree = "<group>"; };
		FBB0927922BB18E2000A91E9 /* SplitViewSearchBar.swift */ = {isa = PBXFileReference; fileEncoding = 4; lastKnownFileType = sourcecode.swift; path = SplitViewSearchBar.swift; sourceTree = "<group>"; };
		FBB0927B22BB18E2000A91E9 /* MasterSplitView.swift */ = {isa = PBXFileReference; fileEncoding = 4; lastKnownFileType = sourcecode.swift; path = MasterSplitView.swift; sourceTree = "<group>"; };
		FBB0927C22BB18E2000A91E9 /* SplitView.swift */ = {isa = PBXFileReference; fileEncoding = 4; lastKnownFileType = sourcecode.swift; path = SplitView.swift; sourceTree = "<group>"; };
		FBB0927D22BB18E2000A91E9 /* DetailSplitView.swift */ = {isa = PBXFileReference; fileEncoding = 4; lastKnownFileType = sourcecode.swift; path = DetailSplitView.swift; sourceTree = "<group>"; };
		FBB0927E22BB18E2000A91E9 /* SplitViewListItem.swift */ = {isa = PBXFileReference; fileEncoding = 4; lastKnownFileType = sourcecode.swift; path = SplitViewListItem.swift; sourceTree = "<group>"; };
		FBB0927F22BB18E2000A91E9 /* SplitViewWrapperView.swift */ = {isa = PBXFileReference; fileEncoding = 4; lastKnownFileType = sourcecode.swift; path = SplitViewWrapperView.swift; sourceTree = "<group>"; };
		FBB0928622BB18E2000A91E9 /* SplitViewDataModel.swift */ = {isa = PBXFileReference; fileEncoding = 4; lastKnownFileType = sourcecode.swift; path = SplitViewDataModel.swift; sourceTree = "<group>"; };
		FBB0928722BB18E2000A91E9 /* SearchableSplitViewDataModel.swift */ = {isa = PBXFileReference; fileEncoding = 4; lastKnownFileType = sourcecode.swift; path = SearchableSplitViewDataModel.swift; sourceTree = "<group>"; };
		FBB0928822BB18E2000A91E9 /* SplitViewModel.swift */ = {isa = PBXFileReference; fileEncoding = 4; lastKnownFileType = sourcecode.swift; path = SplitViewModel.swift; sourceTree = "<group>"; };
		FBB0928922BB18E2000A91E9 /* SplitViewWrapperData.swift */ = {isa = PBXFileReference; fileEncoding = 4; lastKnownFileType = sourcecode.swift; path = SplitViewWrapperData.swift; sourceTree = "<group>"; };
		FBB0929E22BBCC38000A91E9 /* SplitViewController.swift */ = {isa = PBXFileReference; fileEncoding = 4; lastKnownFileType = sourcecode.swift; path = SplitViewController.swift; sourceTree = "<group>"; };
		FBF9ACA522BD5BC800EB5DC8 /* SplitViewDetailProtocol.swift */ = {isa = PBXFileReference; lastKnownFileType = sourcecode.swift; path = SplitViewDetailProtocol.swift; sourceTree = "<group>"; };
/* End PBXFileReference section */

/* Begin PBXFrameworksBuildPhase section */
		FBB0926322BB1837000A91E9 /* Frameworks */ = {
			isa = PBXFrameworksBuildPhase;
			buildActionMask = 2147483647;
			files = (
			);
			runOnlyForDeploymentPostprocessing = 0;
		};
/* End PBXFrameworksBuildPhase section */

/* Begin PBXGroup section */
		FBB0925C22BB1837000A91E9 = {
			isa = PBXGroup;
			children = (
				FBB0926822BB1837000A91E9 /* SplitViewWrapper */,
				FBB0926722BB1837000A91E9 /* Products */,
			);
			sourceTree = "<group>";
		};
		FBB0926722BB1837000A91E9 /* Products */ = {
			isa = PBXGroup;
			children = (
				FBB0926622BB1837000A91E9 /* SplitViewWrapper.framework */,
			);
			name = Products;
			sourceTree = "<group>";
		};
		FBB0926822BB1837000A91E9 /* SplitViewWrapper */ = {
			isa = PBXGroup;
			children = (
				FBB0929E22BBCC38000A91E9 /* SplitViewController.swift */,
				FBB0927722BB18E2000A91E9 /* Views */,
				FBB0928322BB18E2000A91E9 /* Models */,
				FBB0927222BB18E2000A91E9 /* Protocols */,
				FBB0926922BB1837000A91E9 /* SplitViewWrapper.h */,
				FBB0926A22BB1837000A91E9 /* Info.plist */,
			);
			path = SplitViewWrapper;
			sourceTree = "<group>";
		};
		FBB0927222BB18E2000A91E9 /* Protocols */ = {
			isa = PBXGroup;
			children = (
				FBB0927422BB18E2000A91E9 /* SplitViewDataSource.swift */,
				FBB0927522BB18E2000A91E9 /* Searchable.swift */,
				FBB0927622BB18E2000A91E9 /* SplitViewListItemProtocol.swift */,
				FBF9ACA522BD5BC800EB5DC8 /* SplitViewDetailProtocol.swift */,
				FB2E862022CA4B3C005B32FC /* SplitViewHeaderProtocol.swift */,
			);
			path = Protocols;
			sourceTree = "<group>";
		};
		FBB0927722BB18E2000A91E9 /* Views */ = {
			isa = PBXGroup;
			children = (
				FBB0927822BB18E2000A91E9 /* SplitViewWrapper.swift */,
				FBB0927922BB18E2000A91E9 /* SplitViewSearchBar.swift */,
				FBB0927B22BB18E2000A91E9 /* MasterSplitView.swift */,
				FB1D817922CBDF7C00CE3BCC /* SplitViewList.swift */,
				FBB0927C22BB18E2000A91E9 /* SplitView.swift */,
				FBB0927D22BB18E2000A91E9 /* DetailSplitView.swift */,
				FBB0927E22BB18E2000A91E9 /* SplitViewListItem.swift */,
				FBB0927F22BB18E2000A91E9 /* SplitViewWrapperView.swift */,
			);
			path = Views;
			sourceTree = "<group>";
		};
		FBB0928322BB18E2000A91E9 /* Models */ = {
			isa = PBXGroup;
			children = (
				FBB0928622BB18E2000A91E9 /* SplitViewDataModel.swift */,
				FBB0928722BB18E2000A91E9 /* SearchableSplitViewDataModel.swift */,
				FBB0928822BB18E2000A91E9 /* SplitViewModel.swift */,
				FBB0928922BB18E2000A91E9 /* SplitViewWrapperData.swift */,
			);
			path = Models;
			sourceTree = "<group>";
		};
/* End PBXGroup section */

/* Begin PBXHeadersBuildPhase section */
		FBB0926122BB1837000A91E9 /* Headers */ = {
			isa = PBXHeadersBuildPhase;
			buildActionMask = 2147483647;
			files = (
				FBB0926B22BB1837000A91E9 /* SplitViewWrapper.h in Headers */,
			);
			runOnlyForDeploymentPostprocessing = 0;
		};
/* End PBXHeadersBuildPhase section */

/* Begin PBXNativeTarget section */
		FBB0926522BB1837000A91E9 /* SplitViewWrapper */ = {
			isa = PBXNativeTarget;
			buildConfigurationList = FBB0926E22BB1837000A91E9 /* Build configuration list for PBXNativeTarget "SplitViewWrapper" */;
			buildPhases = (
				FBB0926122BB1837000A91E9 /* Headers */,
				FBB0926222BB1837000A91E9 /* Sources */,
				FBB0926322BB1837000A91E9 /* Frameworks */,
				FBB0926422BB1837000A91E9 /* Resources */,
			);
			buildRules = (
			);
			dependencies = (
			);
			name = SplitViewWrapper;
			productName = SplitViewWrapper;
			productReference = FBB0926622BB1837000A91E9 /* SplitViewWrapper.framework */;
			productType = "com.apple.product-type.framework";
		};
/* End PBXNativeTarget section */

/* Begin PBXProject section */
		FBB0925D22BB1837000A91E9 /* Project object */ = {
			isa = PBXProject;
			attributes = {
				LastUpgradeCheck = 1100;
				ORGANIZATIONNAME = RahilPatel;
				TargetAttributes = {
					FBB0926522BB1837000A91E9 = {
						CreatedOnToolsVersion = 11.0;
					};
				};
			};
			buildConfigurationList = FBB0926022BB1837000A91E9 /* Build configuration list for PBXProject "SplitViewWrapper" */;
			compatibilityVersion = "Xcode 9.3";
			developmentRegion = en;
			hasScannedForEncodings = 0;
			knownRegions = (
				en,
				Base,
			);
			mainGroup = FBB0925C22BB1837000A91E9;
			productRefGroup = FBB0926722BB1837000A91E9 /* Products */;
			projectDirPath = "";
			projectRoot = "";
			targets = (
				FBB0926522BB1837000A91E9 /* SplitViewWrapper */,
			);
		};
/* End PBXProject section */

/* Begin PBXResourcesBuildPhase section */
		FBB0926422BB1837000A91E9 /* Resources */ = {
			isa = PBXResourcesBuildPhase;
			buildActionMask = 2147483647;
			files = (
			);
			runOnlyForDeploymentPostprocessing = 0;
		};
/* End PBXResourcesBuildPhase section */

/* Begin PBXSourcesBuildPhase section */
		FBB0926222BB1837000A91E9 /* Sources */ = {
			isa = PBXSourcesBuildPhase;
			buildActionMask = 2147483647;
			files = (
				FBB0929522BB18E3000A91E9 /* SplitViewWrapperView.swift in Sources */,
				FB1D817A22CBDF7C00CE3BCC /* SplitViewList.swift in Sources */,
				FBB0928B22BB18E3000A91E9 /* SplitViewDataSource.swift in Sources */,
				FBB0928C22BB18E3000A91E9 /* Searchable.swift in Sources */,
				FBB0929322BB18E3000A91E9 /* DetailSplitView.swift in Sources */,
				FBB0929A22BB18E3000A91E9 /* SplitViewDataModel.swift in Sources */,
				FBB0929F22BBCC38000A91E9 /* SplitViewController.swift in Sources */,
				FBB0929122BB18E3000A91E9 /* MasterSplitView.swift in Sources */,
				FBB0929B22BB18E3000A91E9 /* SearchableSplitViewDataModel.swift in Sources */,
				FBF9ACA622BD5BC800EB5DC8 /* SplitViewDetailProtocol.swift in Sources */,
				FBB0928D22BB18E3000A91E9 /* SplitViewListItemProtocol.swift in Sources */,
				FBB0929222BB18E3000A91E9 /* SplitView.swift in Sources */,
				FBB0928F22BB18E3000A91E9 /* SplitViewSearchBar.swift in Sources */,
				FBB0929422BB18E3000A91E9 /* SplitViewListItem.swift in Sources */,
				FBB0929C22BB18E3000A91E9 /* SplitViewModel.swift in Sources */,
				FBB0928E22BB18E3000A91E9 /* SplitViewWrapper.swift in Sources */,
				FB2E862122CA4B3C005B32FC /* SplitViewHeaderProtocol.swift in Sources */,
				FBB0929D22BB18E3000A91E9 /* SplitViewWrapperData.swift in Sources */,
			);
			runOnlyForDeploymentPostprocessing = 0;
		};
/* End PBXSourcesBuildPhase section */

/* Begin XCBuildConfiguration section */
		FBB0926C22BB1837000A91E9 /* Debug */ = {
			isa = XCBuildConfiguration;
			buildSettings = {
				ALWAYS_SEARCH_USER_PATHS = NO;
				CLANG_ANALYZER_NONNULL = YES;
				CLANG_ANALYZER_NUMBER_OBJECT_CONVERSION = YES_AGGRESSIVE;
				CLANG_CXX_LANGUAGE_STANDARD = "gnu++14";
				CLANG_CXX_LIBRARY = "libc++";
				CLANG_ENABLE_MODULES = YES;
				CLANG_ENABLE_OBJC_ARC = YES;
				CLANG_ENABLE_OBJC_WEAK = YES;
				CLANG_WARN_BLOCK_CAPTURE_AUTORELEASING = YES;
				CLANG_WARN_BOOL_CONVERSION = YES;
				CLANG_WARN_COMMA = YES;
				CLANG_WARN_CONSTANT_CONVERSION = YES;
				CLANG_WARN_DEPRECATED_OBJC_IMPLEMENTATIONS = YES;
				CLANG_WARN_DIRECT_OBJC_ISA_USAGE = YES_ERROR;
				CLANG_WARN_DOCUMENTATION_COMMENTS = YES;
				CLANG_WARN_EMPTY_BODY = YES;
				CLANG_WARN_ENUM_CONVERSION = YES;
				CLANG_WARN_INFINITE_RECURSION = YES;
				CLANG_WARN_INT_CONVERSION = YES;
				CLANG_WARN_NON_LITERAL_NULL_CONVERSION = YES;
				CLANG_WARN_OBJC_IMPLICIT_RETAIN_SELF = YES;
				CLANG_WARN_OBJC_LITERAL_CONVERSION = YES;
				CLANG_WARN_OBJC_ROOT_CLASS = YES_ERROR;
				CLANG_WARN_RANGE_LOOP_ANALYSIS = YES;
				CLANG_WARN_STRICT_PROTOTYPES = YES;
				CLANG_WARN_SUSPICIOUS_MOVE = YES;
				CLANG_WARN_UNGUARDED_AVAILABILITY = YES_AGGRESSIVE;
				CLANG_WARN_UNREACHABLE_CODE = YES;
				CLANG_WARN__DUPLICATE_METHOD_MATCH = YES;
				COPY_PHASE_STRIP = NO;
				CURRENT_PROJECT_VERSION = 1;
				DEBUG_INFORMATION_FORMAT = dwarf;
				ENABLE_STRICT_OBJC_MSGSEND = YES;
				ENABLE_TESTABILITY = YES;
				GCC_C_LANGUAGE_STANDARD = gnu11;
				GCC_DYNAMIC_NO_PIC = NO;
				GCC_NO_COMMON_BLOCKS = YES;
				GCC_OPTIMIZATION_LEVEL = 0;
				GCC_PREPROCESSOR_DEFINITIONS = (
					"DEBUG=1",
					"$(inherited)",
				);
				GCC_WARN_64_TO_32_BIT_CONVERSION = YES;
				GCC_WARN_ABOUT_RETURN_TYPE = YES_ERROR;
				GCC_WARN_UNDECLARED_SELECTOR = YES;
				GCC_WARN_UNINITIALIZED_AUTOS = YES_AGGRESSIVE;
				GCC_WARN_UNUSED_FUNCTION = YES;
				GCC_WARN_UNUSED_VARIABLE = YES;
				IPHONEOS_DEPLOYMENT_TARGET = 13.0;
				MTL_ENABLE_DEBUG_INFO = INCLUDE_SOURCE;
				MTL_FAST_MATH = YES;
				ONLY_ACTIVE_ARCH = YES;
				SDKROOT = iphoneos;
				SWIFT_ACTIVE_COMPILATION_CONDITIONS = DEBUG;
				SWIFT_OPTIMIZATION_LEVEL = "-Onone";
				VERSIONING_SYSTEM = "apple-generic";
				VERSION_INFO_PREFIX = "";
			};
			name = Debug;
		};
		FBB0926D22BB1837000A91E9 /* Release */ = {
			isa = XCBuildConfiguration;
			buildSettings = {
				ALWAYS_SEARCH_USER_PATHS = NO;
				CLANG_ANALYZER_NONNULL = YES;
				CLANG_ANALYZER_NUMBER_OBJECT_CONVERSION = YES_AGGRESSIVE;
				CLANG_CXX_LANGUAGE_STANDARD = "gnu++14";
				CLANG_CXX_LIBRARY = "libc++";
				CLANG_ENABLE_MODULES = YES;
				CLANG_ENABLE_OBJC_ARC = YES;
				CLANG_ENABLE_OBJC_WEAK = YES;
				CLANG_WARN_BLOCK_CAPTURE_AUTORELEASING = YES;
				CLANG_WARN_BOOL_CONVERSION = YES;
				CLANG_WARN_COMMA = YES;
				CLANG_WARN_CONSTANT_CONVERSION = YES;
				CLANG_WARN_DEPRECATED_OBJC_IMPLEMENTATIONS = YES;
				CLANG_WARN_DIRECT_OBJC_ISA_USAGE = YES_ERROR;
				CLANG_WARN_DOCUMENTATION_COMMENTS = YES;
				CLANG_WARN_EMPTY_BODY = YES;
				CLANG_WARN_ENUM_CONVERSION = YES;
				CLANG_WARN_INFINITE_RECURSION = YES;
				CLANG_WARN_INT_CONVERSION = YES;
				CLANG_WARN_NON_LITERAL_NULL_CONVERSION = YES;
				CLANG_WARN_OBJC_IMPLICIT_RETAIN_SELF = YES;
				CLANG_WARN_OBJC_LITERAL_CONVERSION = YES;
				CLANG_WARN_OBJC_ROOT_CLASS = YES_ERROR;
				CLANG_WARN_RANGE_LOOP_ANALYSIS = YES;
				CLANG_WARN_STRICT_PROTOTYPES = YES;
				CLANG_WARN_SUSPICIOUS_MOVE = YES;
				CLANG_WARN_UNGUARDED_AVAILABILITY = YES_AGGRESSIVE;
				CLANG_WARN_UNREACHABLE_CODE = YES;
				CLANG_WARN__DUPLICATE_METHOD_MATCH = YES;
				COPY_PHASE_STRIP = NO;
				CURRENT_PROJECT_VERSION = 1;
				DEBUG_INFORMATION_FORMAT = "dwarf-with-dsym";
				ENABLE_NS_ASSERTIONS = NO;
				ENABLE_STRICT_OBJC_MSGSEND = YES;
				GCC_C_LANGUAGE_STANDARD = gnu11;
				GCC_NO_COMMON_BLOCKS = YES;
				GCC_WARN_64_TO_32_BIT_CONVERSION = YES;
				GCC_WARN_ABOUT_RETURN_TYPE = YES_ERROR;
				GCC_WARN_UNDECLARED_SELECTOR = YES;
				GCC_WARN_UNINITIALIZED_AUTOS = YES_AGGRESSIVE;
				GCC_WARN_UNUSED_FUNCTION = YES;
				GCC_WARN_UNUSED_VARIABLE = YES;
				IPHONEOS_DEPLOYMENT_TARGET = 13.0;
				MTL_ENABLE_DEBUG_INFO = NO;
				MTL_FAST_MATH = YES;
				SDKROOT = iphoneos;
				SWIFT_COMPILATION_MODE = wholemodule;
				SWIFT_OPTIMIZATION_LEVEL = "-O";
				VALIDATE_PRODUCT = YES;
				VERSIONING_SYSTEM = "apple-generic";
				VERSION_INFO_PREFIX = "";
			};
			name = Release;
		};
		FBB0926F22BB1837000A91E9 /* Debug */ = {
			isa = XCBuildConfiguration;
			buildSettings = {
				CODE_SIGN_STYLE = Automatic;
				DEFINES_MODULE = YES;
				DYLIB_COMPATIBILITY_VERSION = 1;
				DYLIB_CURRENT_VERSION = 1;
				DYLIB_INSTALL_NAME_BASE = "@rpath";
				INFOPLIST_FILE = SplitViewWrapper/Info.plist;
				INSTALL_PATH = "$(LOCAL_LIBRARY_DIR)/Frameworks";
				LD_RUNPATH_SEARCH_PATHS = (
					"$(inherited)",
					"@executable_path/Frameworks",
					"@loader_path/Frameworks",
				);
				PRODUCT_BUNDLE_IDENTIFIER = self.RahilPatel.SplitViewWrapper;
				PRODUCT_NAME = "$(TARGET_NAME:c99extidentifier)";
				SKIP_INSTALL = YES;
				SWIFT_VERSION = 5.0;
				TARGETED_DEVICE_FAMILY = "1,2";
			};
			name = Debug;
		};
		FBB0927022BB1837000A91E9 /* Release */ = {
			isa = XCBuildConfiguration;
			buildSettings = {
				CODE_SIGN_STYLE = Automatic;
				DEFINES_MODULE = YES;
				DYLIB_COMPATIBILITY_VERSION = 1;
				DYLIB_CURRENT_VERSION = 1;
				DYLIB_INSTALL_NAME_BASE = "@rpath";
				INFOPLIST_FILE = SplitViewWrapper/Info.plist;
				INSTALL_PATH = "$(LOCAL_LIBRARY_DIR)/Frameworks";
				LD_RUNPATH_SEARCH_PATHS = (
					"$(inherited)",
					"@executable_path/Frameworks",
					"@loader_path/Frameworks",
				);
				PRODUCT_BUNDLE_IDENTIFIER = self.RahilPatel.SplitViewWrapper;
				PRODUCT_NAME = "$(TARGET_NAME:c99extidentifier)";
				SKIP_INSTALL = YES;
				SWIFT_VERSION = 5.0;
				TARGETED_DEVICE_FAMILY = "1,2";
			};
			name = Release;
		};
/* End XCBuildConfiguration section */

/* Begin XCConfigurationList section */
		FBB0926022BB1837000A91E9 /* Build configuration list for PBXProject "SplitViewWrapper" */ = {
			isa = XCConfigurationList;
			buildConfigurations = (
				FBB0926C22BB1837000A91E9 /* Debug */,
				FBB0926D22BB1837000A91E9 /* Release */,
			);
			defaultConfigurationIsVisible = 0;
			defaultConfigurationName = Release;
		};
		FBB0926E22BB1837000A91E9 /* Build configuration list for PBXNativeTarget "SplitViewWrapper" */ = {
			isa = XCConfigurationList;
			buildConfigurations = (
				FBB0926F22BB1837000A91E9 /* Debug */,
				FBB0927022BB1837000A91E9 /* Release */,
			);
			defaultConfigurationIsVisible = 0;
			defaultConfigurationName = Release;
		};
/* End XCConfigurationList section */
	};
	rootObject = FBB0925D22BB1837000A91E9 /* Project object */;
}
